
Microsoft Visual Studio Solution File, Format Version 12.00
# Visual Studio 2013
VisualStudioVersion = 12.0.30723.0
MinimumVisualStudioVersion = 10.0.40219.1
Project("{FAE04EC0-301F-11D3-BF4B-00C04F79EFBC}") = "UsbHidTest", "UsbHidTest\UsbHidTest.csproj", "{154FD244-20A4-4F9E-8E07-B9A783D8ED15}"
EndProject
Project("{FAE04EC0-301F-11D3-BF4B-00C04F79EFBC}") = "UsbHidLib", "UsbHidLib\UsbHidLib.csproj", "{4338B82B-8F0E-4D63-AB4B-F9E5689B815A}"
EndProject
Global
	GlobalSection(SolutionConfigurationPlatforms) = preSolution
		Debug|Any CPU = Debug|Any CPU
		Release|Any CPU = Release|Any CPU
	EndGlobalSection
	GlobalSection(ProjectConfigurationPlatforms) = postSolution
		{154FD244-20A4-4F9E-8E07-B9A783D8ED15}.Debug|Any CPU.ActiveCfg = Debug|Any CPU
		{154FD244-20A4-4F9E-8E07-B9A783D8ED15}.Debug|Any CPU.Build.0 = Debug|Any CPU
		{154FD244-20A4-4F9E-8E07-B9A783D8ED15}.Release|Any CPU.ActiveCfg = Release|Any CPU
		{154FD244-20A4-4F9E-8E07-B9A783D8ED15}.Release|Any CPU.Build.0 = Release|Any CPU
		{4338B82B-8F0E-4D63-AB4B-F9E5689B815A}.Debug|Any CPU.ActiveCfg = Debug|Any CPU
		{4338B82B-8F0E-4D63-AB4B-F9E5689B815A}.Debug|Any CPU.Build.0 = Debug|Any CPU
		{4338B82B-8F0E-4D63-AB4B-F9E5689B815A}.Release|Any CPU.ActiveCfg = Release|Any CPU
		{4338B82B-8F0E-4D63-AB4B-F9E5689B815A}.Release|Any CPU.Build.0 = Release|Any CPU
	EndGlobalSection
	GlobalSection(SolutionProperties) = preSolution
		HideSolutionNode = FALSE
	EndGlobalSection
EndGlobal
